<Solution>
  <Folder Name="/ci/">
    <File Path="../.github/workflows/ci.yml" />
    <File Path="../.github/workflows/conformance.yml" />
    <File Path="../.github/workflows/delivery.yml" />
    <File Path="../.github/workflows/frontend.yml" />
    <File Path="../.github/workflows/native.yml" />
    <File Path="../.github/workflows/package.yml" />
    <File Path="../.github/workflows/validation.yml" />
  </Folder>
  <Folder Name="/doc/">
    <File Path="../doc/readme.md" />
  </Folder>
  <Folder Name="/general/">
    <File Path="../.editorconfig" />
    <File Path="../.gitattributes" />
    <File Path="../.gitignore" />
    <File Path="../AGENTS.md" />
    <File Path="../license.txt" />
    <File Path="../readme.md" />
    <File Path="Directory.Build.props" />
    <File Path="Directory.Packages.props" />
    <File Path="dotnet-releaser.toml" />
    <File Path="global.json" />
  </Folder>
  <Folder Name="/samples/">
    <Project Path="../samples/NeoAstra.Core.Sample/NeoAstra.Core.Sample.csproj" />
    <Project Path="../samples/NeoAstra.Sample/NeoAstra.Sample.csproj" />
    <Project Path="../samples/NeoAstra.Sample.Advanced/NeoAstra.Sample.Advanced.csproj" />
  </Folder>
  <Folder Name="/tests/">
    <Project Path="NeoAstra.Benchmarks/NeoAstra.Benchmarks.csproj" />
    <Project Path="NeoAstra.Conformance/NeoAstra.Conformance.csproj" />
    <Project Path="NeoAstra.NativeAotFixture/NeoAstra.NativeAotFixture.csproj" />
    <Project Path="NeoAstra.SingleInstanceHelper/NeoAstra.SingleInstanceHelper.csproj" />
    <Project Path="NeoAstra.Tests/NeoAstra.Tests.csproj" />
  </Folder>
  <Folder Name="/tooling/">
    <Project Path="NeoAstra.CodeGen/NeoAstra.CodeGen.csproj" />
    <Project Path="NeoAstra.Generator/NeoAstra.Generator.csproj" />
    <Project Path="NeoAstra.Templates/NeoAstra.Templates.csproj" />
    <Project Path="NeoAstra.Tool/NeoAstra.Tool.csproj" />
  </Folder>
  <Project Path="NeoAstra.Core/NeoAstra.Core.csproj" />
  <Project Path="NeoAstra/NeoAstra.csproj" />
</Solution>
