<Solution>
  <Folder Name="/doc/">
    <File Path="../doc/readme.md" />
  </Folder>
  <Folder Name="/general/">
    <File Path="../.editorconfig" />
    <File Path="../.gitattributes" />
    <File Path="../.github/workflows/ci.yml" />
    <File Path="../.gitignore" />
    <File Path="../AGENTS.md" />
    <File Path="../license.txt" />
    <File Path="../readme.md" />
    <File Path="Directory.Build.props" />
    <File Path="Directory.Packages.props" />
    <File Path="dotnet-releaser.toml" />
    <File Path="global.json" />
  </Folder>
  <Project Path="NeoAstra.Benchmarks/NeoAstra.Benchmarks.csproj" />
  <Project Path="NeoAstra.Capabilities.Tool/NeoAstra.Capabilities.Tool.csproj" />
  <Project Path="NeoAstra.Rpc/NeoAstra.Rpc.csproj" />
  <Project Path="NeoAstra.Rpc.Generator/NeoAstra.Rpc.Generator.csproj" />
  <Project Path="NeoAstra.Rpc.NativeAotFixture/NeoAstra.Rpc.NativeAotFixture.csproj" />
  <Project Path="NeoAstra.Sdk/NeoAstra.Sdk.csproj" />
  <Project Path="NeoAstra.SingleInstanceHelper/NeoAstra.SingleInstanceHelper.csproj" />
  <Project Path="NeoAstra.Tool/NeoAstra.Tool.csproj" />
  <Project Path="NeoAstra.Tooling/NeoAstra.Tooling.csproj" />
  <Project Path="NeoAstra.Templates/NeoAstra.Templates.csproj" />
  <Project Path="NeoAstra.Conformance/NeoAstra.Conformance.csproj" />
  <Project Path="NeoAstra.Tests/NeoAstra.Tests.csproj" />
  <Project Path="NeoAstra.CodeGen/NeoAstra.CodeGen.csproj" />
  <Project Path="NeoAstra.Hosting/NeoAstra.Hosting.csproj" />
  <Project Path="NeoAstra/NeoAstra.csproj" />
  <Project Path="../samples/NeoAstra.Sample/NeoAstra.Sample.csproj" />
  <Project Path="../samples/NeoAstra.V2.Reference/NeoAstra.V2.Reference.csproj" />
</Solution>
